
Microsoft Visual Studio Solution File, Format Version 12.00
# Visual Studio Version 16
VisualStudioVersion = 16.0.29418.71
MinimumVisualStudioVersion = 10.0.40219.1
Project("{8BC9CEB8-8B4A-11D0-8D11-00A0C91BC942}") = "Kursach", "Kursach\Kursach.vcxproj", "{792C3D17-7764-4516-8645-C3DF90DC02AC}"
EndProject
Global
	GlobalSection(SolutionConfigurationPlatforms) = preSolution
		Debug|x64 = Debug|x64
		Debug|x86 = Debug|x86
		Release|x64 = Release|x64
		Release|x86 = Release|x86
	EndGlobalSection
	GlobalSection(ProjectConfigurationPlatforms) = postSolution
		{792C3D17-7764-4516-8645-C3DF90DC02AC}.Debug|x64.ActiveCfg = Debug|x64
		{792C3D17-7764-4516-8645-C3DF90DC02AC}.Debug|x64.Build.0 = Debug|x64
		{792C3D17-7764-4516-8645-C3DF90DC02AC}.Debug|x86.ActiveCfg = Debug|Win32
		{792C3D17-7764-4516-8645-C3DF90DC02AC}.Debug|x86.Build.0 = Debug|Win32
		{792C3D17-7764-4516-8645-C3DF90DC02AC}.Release|x64.ActiveCfg = Release|x64
		{792C3D17-7764-4516-8645-C3DF90DC02AC}.Release|x64.Build.0 = Release|x64
		{792C3D17-7764-4516-8645-C3DF90DC02AC}.Release|x86.ActiveCfg = Release|Win32
		{792C3D17-7764-4516-8645-C3DF90DC02AC}.Release|x86.Build.0 = Release|Win32
	EndGlobalSection
	GlobalSection(SolutionProperties) = preSolution
		HideSolutionNode = FALSE
	EndGlobalSection
	GlobalSection(ExtensibilityGlobals) = postSolution
		SolutionGuid = {5CC387CD-A420-42C9-9653-C20CDF94DDA5}
	EndGlobalSection
EndGlobal
